
Microsoft Visual Studio Solution File, Format Version 12.00
# Visual Studio Version 17
VisualStudioVersion = 17.9.34607.119
MinimumVisualStudioVersion = 10.0.40219.1
Project("{FAE04EC0-301F-11D3-BF4B-00C04F79EFBC}") = "MyGame", "Magi\MyGame.csproj", "{C8A58FBD-9EFF-4CDF-967D-777146F0DABD}"
EndProject
Global
	GlobalSection(SolutionConfigurationPlatforms) = preSolution
		Debug|Any CPU = Debug|Any CPU
		Release|Any CPU = Release|Any CPU
	EndGlobalSection
	GlobalSection(ProjectConfigurationPlatforms) = postSolution
		{C8A58FBD-9EFF-4CDF-967D-777146F0DABD}.Debug|Any CPU.ActiveCfg = Debug|Any CPU
		{C8A58FBD-9EFF-4CDF-967D-777146F0DABD}.Debug|Any CPU.Build.0 = Debug|Any CPU
		{C8A58FBD-9EFF-4CDF-967D-777146F0DABD}.Release|Any CPU.ActiveCfg = Release|Any CPU
		{C8A58FBD-9EFF-4CDF-967D-777146F0DABD}.Release|Any CPU.Build.0 = Release|Any CPU
	EndGlobalSection
	GlobalSection(SolutionProperties) = preSolution
		HideSolutionNode = FALSE
	EndGlobalSection
	GlobalSection(ExtensibilityGlobals) = postSolution
		SolutionGuid = {7462CAA7-C07B-4C6B-B196-B497738B88D7}
	EndGlobalSection
EndGlobal
